
Microsoft Visual Studio Solution File, Format Version 12.00
# Visual Studio Version 17
VisualStudioVersion = 17.0.31903.59
MinimumVisualStudioVersion = 10.0.40219.1
Project("{2150E333-8FDC-42A3-9474-1A3956D46DE8}") = "shared", "shared", "{4F52FD11-658E-A102-6CD3-7D7C16FFA15B}"
EndProject
Project("{2150E333-8FDC-42A3-9474-1A3956D46DE8}") = "contracts", "contracts", "{85E3A286-880E-ADB0-5CF2-3F1BDB3A4229}"
EndProject
Project("{FAE04EC0-301F-11D3-BF4B-00C04F79EFBC}") = "DndApp.Contracts", "shared\contracts\DndApp.Contracts.csproj", "{D5FF3B6E-9176-41D6-8776-597E5A3E414F}"
EndProject
Project("{2150E333-8FDC-42A3-9474-1A3956D46DE8}") = "services", "services", "{5854FF58-B8C5-05C6-5BF2-ACE42193F22B}"
EndProject
Project("{2150E333-8FDC-42A3-9474-1A3956D46DE8}") = "bff", "bff", "{1885BFFC-BDDB-E573-0577-AAE16C53C2BB}"
EndProject
Project("{FAE04EC0-301F-11D3-BF4B-00C04F79EFBC}") = "DndApp.Bff", "services\bff\DndApp.Bff.csproj", "{458D9142-27D6-4AAF-A480-0970323B9C37}"
EndProject
Project("{2150E333-8FDC-42A3-9474-1A3956D46DE8}") = "identity", "identity", "{357A7C97-5AE1-023F-1442-0D9F9AF22A31}"
EndProject
Project("{FAE04EC0-301F-11D3-BF4B-00C04F79EFBC}") = "DndApp.Identity", "services\identity\DndApp.Identity.csproj", "{99DF9B4C-D962-4AC7-8FAD-64E8A59A1DA7}"
EndProject
Project("{2150E333-8FDC-42A3-9474-1A3956D46DE8}") = "campaign", "campaign", "{C5AA1A0A-313E-6B7D-B724-AC5205BE8C63}"
EndProject
Project("{FAE04EC0-301F-11D3-BF4B-00C04F79EFBC}") = "DndApp.Campaign", "services\campaign\DndApp.Campaign.csproj", "{E894D13B-5A2D-4C58-96EE-6AD75EB396E8}"
EndProject
Project("{2150E333-8FDC-42A3-9474-1A3956D46DE8}") = "catalog", "catalog", "{944ACC7E-4FFC-A2A2-09E1-98A62C66F8DB}"
EndProject
Project("{FAE04EC0-301F-11D3-BF4B-00C04F79EFBC}") = "DndApp.Catalog", "services\catalog\DndApp.Catalog.csproj", "{F6F0C5F9-4DFB-49BB-8BC2-7C458AD6C7A7}"
EndProject
Project("{2150E333-8FDC-42A3-9474-1A3956D46DE8}") = "inventory", "inventory", "{E968773F-A3F0-8B5A-CFB8-BE121AA8E63F}"
EndProject
Project("{FAE04EC0-301F-11D3-BF4B-00C04F79EFBC}") = "DndApp.Inventory", "services\inventory\DndApp.Inventory.csproj", "{B3CB1D42-C7E7-47BF-A869-3287009C8B60}"
EndProject
Project("{2150E333-8FDC-42A3-9474-1A3956D46DE8}") = "sales", "sales", "{00D5FA09-9A52-E7D4-27A8-8813305D18EB}"
EndProject
Project("{FAE04EC0-301F-11D3-BF4B-00C04F79EFBC}") = "DndApp.Sales", "services\sales\DndApp.Sales.csproj", "{A74546E0-0A99-41C0-9908-A7B0B7B33DEB}"
EndProject
Project("{2150E333-8FDC-42A3-9474-1A3956D46DE8}") = "media", "media", "{CD52D1DB-F69B-63E9-D5FD-9E1F5357CDE4}"
EndProject
Project("{FAE04EC0-301F-11D3-BF4B-00C04F79EFBC}") = "DndApp.Media", "services\media\DndApp.Media.csproj", "{C89B9CA4-E34D-480F-9BEC-89EB6DEA85E6}"
EndProject
Global
	GlobalSection(SolutionConfigurationPlatforms) = preSolution
		Debug|Any CPU = Debug|Any CPU
		Debug|x64 = Debug|x64
		Debug|x86 = Debug|x86
		Release|Any CPU = Release|Any CPU
		Release|x64 = Release|x64
		Release|x86 = Release|x86
	EndGlobalSection
	GlobalSection(ProjectConfigurationPlatforms) = postSolution
		{D5FF3B6E-9176-41D6-8776-597E5A3E414F}.Debug|Any CPU.ActiveCfg = Debug|Any CPU
		{D5FF3B6E-9176-41D6-8776-597E5A3E414F}.Debug|Any CPU.Build.0 = Debug|Any CPU
		{D5FF3B6E-9176-41D6-8776-597E5A3E414F}.Debug|x64.ActiveCfg = Debug|Any CPU
		{D5FF3B6E-9176-41D6-8776-597E5A3E414F}.Debug|x64.Build.0 = Debug|Any CPU
		{D5FF3B6E-9176-41D6-8776-597E5A3E414F}.Debug|x86.ActiveCfg = Debug|Any CPU
		{D5FF3B6E-9176-41D6-8776-597E5A3E414F}.Debug|x86.Build.0 = Debug|Any CPU
		{D5FF3B6E-9176-41D6-8776-597E5A3E414F}.Release|Any CPU.ActiveCfg = Release|Any CPU
		{D5FF3B6E-9176-41D6-8776-597E5A3E414F}.Release|Any CPU.Build.0 = Release|Any CPU
		{D5FF3B6E-9176-41D6-8776-597E5A3E414F}.Release|x64.ActiveCfg = Release|Any CPU
		{D5FF3B6E-9176-41D6-8776-597E5A3E414F}.Release|x64.Build.0 = Release|Any CPU
		{D5FF3B6E-9176-41D6-8776-597E5A3E414F}.Release|x86.ActiveCfg = Release|Any CPU
		{D5FF3B6E-9176-41D6-8776-597E5A3E414F}.Release|x86.Build.0 = Release|Any CPU
		{458D9142-27D6-4AAF-A480-0970323B9C37}.Debug|Any CPU.ActiveCfg = Debug|Any CPU
		{458D9142-27D6-4AAF-A480-0970323B9C37}.Debug|Any CPU.Build.0 = Debug|Any CPU
		{458D9142-27D6-4AAF-A480-0970323B9C37}.Debug|x64.ActiveCfg = Debug|Any CPU
		{458D9142-27D6-4AAF-A480-0970323B9C37}.Debug|x64.Build.0 = Debug|Any CPU
		{458D9142-27D6-4AAF-A480-0970323B9C37}.Debug|x86.ActiveCfg = Debug|Any CPU
		{458D9142-27D6-4AAF-A480-0970323B9C37}.Debug|x86.Build.0 = Debug|Any CPU
		{458D9142-27D6-4AAF-A480-0970323B9C37}.Release|Any CPU.ActiveCfg = Release|Any CPU
		{458D9142-27D6-4AAF-A480-0970323B9C37}.Release|Any CPU.Build.0 = Release|Any CPU
		{458D9142-27D6-4AAF-A480-0970323B9C37}.Release|x64.ActiveCfg = Release|Any CPU
		{458D9142-27D6-4AAF-A480-0970323B9C37}.Release|x64.Build.0 = Release|Any CPU
		{458D9142-27D6-4AAF-A480-0970323B9C37}.Release|x86.ActiveCfg = Release|Any CPU
		{458D9142-27D6-4AAF-A480-0970323B9C37}.Release|x86.Build.0 = Release|Any CPU
		{99DF9B4C-D962-4AC7-8FAD-64E8A59A1DA7}.Debug|Any CPU.ActiveCfg = Debug|Any CPU
		{99DF9B4C-D962-4AC7-8FAD-64E8A59A1DA7}.Debug|Any CPU.Build.0 = Debug|Any CPU
		{99DF9B4C-D962-4AC7-8FAD-64E8A59A1DA7}.Debug|x64.ActiveCfg = Debug|Any CPU
		{99DF9B4C-D962-4AC7-8FAD-64E8A59A1DA7}.Debug|x64.Build.0 = Debug|Any CPU
		{99DF9B4C-D962-4AC7-8FAD-64E8A59A1DA7}.Debug|x86.ActiveCfg = Debug|Any CPU
		{99DF9B4C-D962-4AC7-8FAD-64E8A59A1DA7}.Debug|x86.Build.0 = Debug|Any CPU
		{99DF9B4C-D962-4AC7-8FAD-64E8A59A1DA7}.Release|Any CPU.ActiveCfg = Release|Any CPU
		{99DF9B4C-D962-4AC7-8FAD-64E8A59A1DA7}.Release|Any CPU.Build.0 = Release|Any CPU
		{99DF9B4C-D962-4AC7-8FAD-64E8A59A1DA7}.Release|x64.ActiveCfg = Release|Any CPU
		{99DF9B4C-D962-4AC7-8FAD-64E8A59A1DA7}.Release|x64.Build.0 = Release|Any CPU
		{99DF9B4C-D962-4AC7-8FAD-64E8A59A1DA7}.Release|x86.ActiveCfg = Release|Any CPU
		{99DF9B4C-D962-4AC7-8FAD-64E8A59A1DA7}.Release|x86.Build.0 = Release|Any CPU
		{E894D13B-5A2D-4C58-96EE-6AD75EB396E8}.Debug|Any CPU.ActiveCfg = Debug|Any CPU
		{E894D13B-5A2D-4C58-96EE-6AD75EB396E8}.Debug|Any CPU.Build.0 = Debug|Any CPU
		{E894D13B-5A2D-4C58-96EE-6AD75EB396E8}.Debug|x64.ActiveCfg = Debug|Any CPU
		{E894D13B-5A2D-4C58-96EE-6AD75EB396E8}.Debug|x64.Build.0 = Debug|Any CPU
		{E894D13B-5A2D-4C58-96EE-6AD75EB396E8}.Debug|x86.ActiveCfg = Debug|Any CPU
		{E894D13B-5A2D-4C58-96EE-6AD75EB396E8}.Debug|x86.Build.0 = Debug|Any CPU
		{E894D13B-5A2D-4C58-96EE-6AD75EB396E8}.Release|Any CPU.ActiveCfg = Release|Any CPU
		{E894D13B-5A2D-4C58-96EE-6AD75EB396E8}.Release|Any CPU.Build.0 = Release|Any CPU
		{E894D13B-5A2D-4C58-96EE-6AD75EB396E8}.Release|x64.ActiveCfg = Release|Any CPU
		{E894D13B-5A2D-4C58-96EE-6AD75EB396E8}.Release|x64.Build.0 = Release|Any CPU
		{E894D13B-5A2D-4C58-96EE-6AD75EB396E8}.Release|x86.ActiveCfg = Release|Any CPU
		{E894D13B-5A2D-4C58-96EE-6AD75EB396E8}.Release|x86.Build.0 = Release|Any CPU
		{F6F0C5F9-4DFB-49BB-8BC2-7C458AD6C7A7}.Debug|Any CPU.ActiveCfg = Debug|Any CPU
		{F6F0C5F9-4DFB-49BB-8BC2-7C458AD6C7A7}.Debug|Any CPU.Build.0 = Debug|Any CPU
		{F6F0C5F9-4DFB-49BB-8BC2-7C458AD6C7A7}.Debug|x64.ActiveCfg = Debug|Any CPU
		{F6F0C5F9-4DFB-49BB-8BC2-7C458AD6C7A7}.Debug|x64.Build.0 = Debug|Any CPU
		{F6F0C5F9-4DFB-49BB-8BC2-7C458AD6C7A7}.Debug|x86.ActiveCfg = Debug|Any CPU
		{F6F0C5F9-4DFB-49BB-8BC2-7C458AD6C7A7}.Debug|x86.Build.0 = Debug|Any CPU
		{F6F0C5F9-4DFB-49BB-8BC2-7C458AD6C7A7}.Release|Any CPU.ActiveCfg = Release|Any CPU
		{F6F0C5F9-4DFB-49BB-8BC2-7C458AD6C7A7}.Release|Any CPU.Build.0 = Release|Any CPU
		{F6F0C5F9-4DFB-49BB-8BC2-7C458AD6C7A7}.Release|x64.ActiveCfg = Release|Any CPU
		{F6F0C5F9-4DFB-49BB-8BC2-7C458AD6C7A7}.Release|x64.Build.0 = Release|Any CPU
		{F6F0C5F9-4DFB-49BB-8BC2-7C458AD6C7A7}.Release|x86.ActiveCfg = Release|Any CPU
		{F6F0C5F9-4DFB-49BB-8BC2-7C458AD6C7A7}.Release|x86.Build.0 = Release|Any CPU
		{B3CB1D42-C7E7-47BF-A869-3287009C8B60}.Debug|Any CPU.ActiveCfg = Debug|Any CPU
		{B3CB1D42-C7E7-47BF-A869-3287009C8B60}.Debug|Any CPU.Build.0 = Debug|Any CPU
		{B3CB1D42-C7E7-47BF-A869-3287009C8B60}.Debug|x64.ActiveCfg = Debug|Any CPU
		{B3CB1D42-C7E7-47BF-A869-3287009C8B60}.Debug|x64.Build.0 = Debug|Any CPU
		{B3CB1D42-C7E7-47BF-A869-3287009C8B60}.Debug|x86.ActiveCfg = Debug|Any CPU
		{B3CB1D42-C7E7-47BF-A869-3287009C8B60}.Debug|x86.Build.0 = Debug|Any CPU
		{B3CB1D42-C7E7-47BF-A869-3287009C8B60}.Release|Any CPU.ActiveCfg = Release|Any CPU
		{B3CB1D42-C7E7-47BF-A869-3287009C8B60}.Release|Any CPU.Build.0 = Release|Any CPU
		{B3CB1D42-C7E7-47BF-A869-3287009C8B60}.Release|x64.ActiveCfg = Release|Any CPU
		{B3CB1D42-C7E7-47BF-A869-3287009C8B60}.Release|x64.Build.0 = Release|Any CPU
		{B3CB1D42-C7E7-47BF-A869-3287009C8B60}.Release|x86.ActiveCfg = Release|Any CPU
		{B3CB1D42-C7E7-47BF-A869-3287009C8B60}.Release|x86.Build.0 = Release|Any CPU
		{A74546E0-0A99-41C0-9908-A7B0B7B33DEB}.Debug|Any CPU.ActiveCfg = Debug|Any CPU
		{A74546E0-0A99-41C0-9908-A7B0B7B33DEB}.Debug|Any CPU.Build.0 = Debug|Any CPU
		{A74546E0-0A99-41C0-9908-A7B0B7B33DEB}.Debug|x64.ActiveCfg = Debug|Any CPU
		{A74546E0-0A99-41C0-9908-A7B0B7B33DEB}.Debug|x64.Build.0 = Debug|Any CPU
		{A74546E0-0A99-41C0-9908-A7B0B7B33DEB}.Debug|x86.ActiveCfg = Debug|Any CPU
		{A74546E0-0A99-41C0-9908-A7B0B7B33DEB}.Debug|x86.Build.0 = Debug|Any CPU
		{A74546E0-0A99-41C0-9908-A7B0B7B33DEB}.Release|Any CPU.ActiveCfg = Release|Any CPU
		{A74546E0-0A99-41C0-9908-A7B0B7B33DEB}.Release|Any CPU.Build.0 = Release|Any CPU
		{A74546E0-0A99-41C0-9908-A7B0B7B33DEB}.Release|x64.ActiveCfg = Release|Any CPU
		{A74546E0-0A99-41C0-9908-A7B0B7B33DEB}.Release|x64.Build.0 = Release|Any CPU
		{A74546E0-0A99-41C0-9908-A7B0B7B33DEB}.Release|x86.ActiveCfg = Release|Any CPU
		{A74546E0-0A99-41C0-9908-A7B0B7B33DEB}.Release|x86.Build.0 = Release|Any CPU
		{C89B9CA4-E34D-480F-9BEC-89EB6DEA85E6}.Debug|Any CPU.ActiveCfg = Debug|Any CPU
		{C89B9CA4-E34D-480F-9BEC-89EB6DEA85E6}.Debug|Any CPU.Build.0 = Debug|Any CPU
		{C89B9CA4-E34D-480F-9BEC-89EB6DEA85E6}.Debug|x64.ActiveCfg = Debug|Any CPU
		{C89B9CA4-E34D-480F-9BEC-89EB6DEA85E6}.Debug|x64.Build.0 = Debug|Any CPU
		{C89B9CA4-E34D-480F-9BEC-89EB6DEA85E6}.Debug|x86.ActiveCfg = Debug|Any CPU
		{C89B9CA4-E34D-480F-9BEC-89EB6DEA85E6}.Debug|x86.Build.0 = Debug|Any CPU
		{C89B9CA4-E34D-480F-9BEC-89EB6DEA85E6}.Release|Any CPU.ActiveCfg = Release|Any CPU
		{C89B9CA4-E34D-480F-9BEC-89EB6DEA85E6}.Release|Any CPU.Build.0 = Release|Any CPU
		{C89B9CA4-E34D-480F-9BEC-89EB6DEA85E6}.Release|x64.ActiveCfg = Release|Any CPU
		{C89B9CA4-E34D-480F-9BEC-89EB6DEA85E6}.Release|x64.Build.0 = Release|Any CPU
		{C89B9CA4-E34D-480F-9BEC-89EB6DEA85E6}.Release|x86.ActiveCfg = Release|Any CPU
		{C89B9CA4-E34D-480F-9BEC-89EB6DEA85E6}.Release|x86.Build.0 = Release|Any CPU
	EndGlobalSection
	GlobalSection(SolutionProperties) = preSolution
		HideSolutionNode = FALSE
	EndGlobalSection
	GlobalSection(NestedProjects) = preSolution
		{85E3A286-880E-ADB0-5CF2-3F1BDB3A4229} = {4F52FD11-658E-A102-6CD3-7D7C16FFA15B}
		{D5FF3B6E-9176-41D6-8776-597E5A3E414F} = {85E3A286-880E-ADB0-5CF2-3F1BDB3A4229}
		{1885BFFC-BDDB-E573-0577-AAE16C53C2BB} = {5854FF58-B8C5-05C6-5BF2-ACE42193F22B}
		{458D9142-27D6-4AAF-A480-0970323B9C37} = {1885BFFC-BDDB-E573-0577-AAE16C53C2BB}
		{357A7C97-5AE1-023F-1442-0D9F9AF22A31} = {5854FF58-B8C5-05C6-5BF2-ACE42193F22B}
		{99DF9B4C-D962-4AC7-8FAD-64E8A59A1DA7} = {357A7C97-5AE1-023F-1442-0D9F9AF22A31}
		{C5AA1A0A-313E-6B7D-B724-AC5205BE8C63} = {5854FF58-B8C5-05C6-5BF2-ACE42193F22B}
		{E894D13B-5A2D-4C58-96EE-6AD75EB396E8} = {C5AA1A0A-313E-6B7D-B724-AC5205BE8C63}
		{944ACC7E-4FFC-A2A2-09E1-98A62C66F8DB} = {5854FF58-B8C5-05C6-5BF2-ACE42193F22B}
		{F6F0C5F9-4DFB-49BB-8BC2-7C458AD6C7A7} = {944ACC7E-4FFC-A2A2-09E1-98A62C66F8DB}
		{E968773F-A3F0-8B5A-CFB8-BE121AA8E63F} = {5854FF58-B8C5-05C6-5BF2-ACE42193F22B}
		{B3CB1D42-C7E7-47BF-A869-3287009C8B60} = {E968773F-A3F0-8B5A-CFB8-BE121AA8E63F}
		{00D5FA09-9A52-E7D4-27A8-8813305D18EB} = {5854FF58-B8C5-05C6-5BF2-ACE42193F22B}
		{A74546E0-0A99-41C0-9908-A7B0B7B33DEB} = {00D5FA09-9A52-E7D4-27A8-8813305D18EB}
		{CD52D1DB-F69B-63E9-D5FD-9E1F5357CDE4} = {5854FF58-B8C5-05C6-5BF2-ACE42193F22B}
		{C89B9CA4-E34D-480F-9BEC-89EB6DEA85E6} = {CD52D1DB-F69B-63E9-D5FD-9E1F5357CDE4}
	EndGlobalSection
EndGlobal
